# This file is generated by running "yarn install" inside your project.
# Manual changes might be lost - proceed with caution!

__metadata:
  version: 8
  cacheKey: 10

"@carbon/grid@npm:^11.9.0":
  version: 11.54.0
  resolution: "@carbon/grid@npm:11.54.0"
  dependencies:
    "@carbon/layout": "npm:^11.52.0"
    "@ibm/telemetry-js": "npm:^1.5.0"
  checksum: 10/05f91dd126c5018fde16b504723fc178c0f5ee3b45eddfeea79c775c169e39cd6776ffbd234b217c1700791935c841a784897d5a508df9d7bd3795716da32c91
  languageName: node
  linkType: hard

"@carbon/layout@npm:^11.52.0":
  version: 11.52.0
  resolution: "@carbon/layout@npm:11.52.0"
  dependencies:
    "@ibm/telemetry-js": "npm:^1.5.0"
  checksum: 10/f0ece5195ae3bbc6accbe895aadb29198e476ff32931b654d0cb98a4953fe0eacbed421dc292dc37af569d48d396d39f9494a8c28a18bffe56e6ac38fea92f13
  languageName: node
  linkType: hard

"@emnapi/runtime@npm:^1.7.0":
  version: 1.10.0
  resolution: "@emnapi/runtime@npm:1.10.0"
  dependencies:
    tslib: "npm:^2.4.0"
  checksum: 10/d21083d07fa0c2da171c142e78ef986b66b07d45b06accc0bcaf49fcc61bb4dbc10e1c1760813070165b9f49b054376a931045347f21c0f42ff1eb2d2040faac
  languageName: node
  linkType: hard

"@ibm/telemetry-js@npm:^1.5.0":
  version: 1.11.0
  resolution: "@ibm/telemetry-js@npm:1.11.0"
  bin:
    ibmtelemetry: dist/collect.js
  checksum: 10/0b7731df898daf97bcc67d28fa48debcac87be1fa8565b79adda1c6ce93c3bacfef2e455be75e0d351489fb8b9c1ee9d6b33806819fd7dc7184558c5b197576f
  languageName: node
  linkType: hard

"@img/colour@npm:^1.0.0":
  version: 1.1.0
  resolution: "@img/colour@npm:1.1.0"
  checksum: 10/2a29be7b06b046bd33c80ffa0f3493b7535b0841a69f54af81bf5e2d8867f21704fab42e9cf24ec30c089de34f790bae4dad1fc617c3163fbf264998dc316f0a
  languageName: node
  linkType: hard

"@img/sharp-darwin-arm64@npm:0.34.5":
  version: 0.34.5
  resolution: "@img/sharp-darwin-arm64@npm:0.34.5"
  dependencies:
    "@img/sharp-libvips-darwin-arm64": "npm:1.2.4"
  dependenciesMeta:
    "@img/sharp-libvips-darwin-arm64":
      optional: true
  conditions: os=darwin & cpu=arm64
  languageName: node
  linkType: hard

"@img/sharp-darwin-x64@npm:0.34.5":
  version: 0.34.5
  resolution: "@img/sharp-darwin-x64@npm:0.34.5"
  dependencies:
    "@img/sharp-libvips-darwin-x64": "npm:1.2.4"
  dependenciesMeta:
    "@img/sharp-libvips-darwin-x64":
      optional: true
  conditions: os=darwin & cpu=x64
  languageName: node
  linkType: hard

"@img/sharp-libvips-darwin-arm64@npm:1.2.4":
  version: 1.2.4
  resolution: "@img/sharp-libvips-darwin-arm64@npm:1.2.4"
  conditions: os=darwin & cpu=arm64
  languageName: node
  linkType: hard

"@img/sharp-libvips-darwin-x64@npm:1.2.4":
  version: 1.2.4
  resolution: "@img/sharp-libvips-darwin-x64@npm:1.2.4"
  conditions: os=darwin & cpu=x64
  languageName: node
  linkType: hard

"@img/sharp-libvips-linux-arm64@npm:1.2.4":
  version: 1.2.4
  resolution: "@img/sharp-libvips-linux-arm64@npm:1.2.4"
  conditions: os=linux & cpu=arm64 & libc=glibc
  languageName: node
  linkType: hard

"@img/sharp-libvips-linux-arm@npm:1.2.4":
  version: 1.2.4
  resolution: "@img/sharp-libvips-linux-arm@npm:1.2.4"
  conditions: os=linux & cpu=arm & libc=glibc
  languageName: node
  linkType: hard

"@img/sharp-libvips-linux-ppc64@npm:1.2.4":
  version: 1.2.4
  resolution: "@img/sharp-libvips-linux-ppc64@npm:1.2.4"
  conditions: os=linux & cpu=ppc64 & libc=glibc
  languageName: node
  linkType: hard

"@img/sharp-libvips-linux-riscv64@npm:1.2.4":
  version: 1.2.4
  resolution: "@img/sharp-libvips-linux-riscv64@npm:1.2.4"
  conditions: os=linux & cpu=riscv64 & libc=glibc
  languageName: node
  linkType: hard

"@img/sharp-libvips-linux-s390x@npm:1.2.4":
  version: 1.2.4
  resolution: "@img/sharp-libvips-linux-s390x@npm:1.2.4"
  conditions: os=linux & cpu=s390x & libc=glibc
  languageName: node
  linkType: hard

"@img/sharp-libvips-linux-x64@npm:1.2.4":
  version: 1.2.4
  resolution: "@img/sharp-libvips-linux-x64@npm:1.2.4"
  conditions: os=linux & cpu=x64 & libc=glibc
  languageName: node
  linkType: hard

"@img/sharp-libvips-linuxmusl-arm64@npm:1.2.4":
  version: 1.2.4
  resolution: "@img/sharp-libvips-linuxmusl-arm64@npm:1.2.4"
  conditions: os=linux & cpu=arm64 & libc=musl
  languageName: node
  linkType: hard

"@img/sharp-libvips-linuxmusl-x64@npm:1.2.4":
  version: 1.2.4
  resolution: "@img/sharp-libvips-linuxmusl-x64@npm:1.2.4"
  conditions: os=linux & cpu=x64 & libc=musl
  languageName: node
  linkType: hard

"@img/sharp-linux-arm64@npm:0.34.5":
  version: 0.34.5
  resolution: "@img/sharp-linux-arm64@npm:0.34.5"
  dependencies:
    "@img/sharp-libvips-linux-arm64": "npm:1.2.4"
  dependenciesMeta:
    "@img/sharp-libvips-linux-arm64":
      optional: true
  conditions: os=linux & cpu=arm64 & libc=glibc
  languageName: node
  linkType: hard

"@img/sharp-linux-arm@npm:0.34.5":
  version: 0.34.5
  resolution: "@img/sharp-linux-arm@npm:0.34.5"
  dependencies:
    "@img/sharp-libvips-linux-arm": "npm:1.2.4"
  dependenciesMeta:
    "@img/sharp-libvips-linux-arm":
      optional: true
  conditions: os=linux & cpu=arm & libc=glibc
  languageName: node
  linkType: hard

"@img/sharp-linux-ppc64@npm:0.34.5":
  version: 0.34.5
  resolution: "@img/sharp-linux-ppc64@npm:0.34.5"
  dependencies:
    "@img/sharp-libvips-linux-ppc64": "npm:1.2.4"
  dependenciesMeta:
    "@img/sharp-libvips-linux-ppc64":
      optional: true
  conditions: os=linux & cpu=ppc64 & libc=glibc
  languageName: node
  linkType: hard

"@img/sharp-linux-riscv64@npm:0.34.5":
  version: 0.34.5
  resolution: "@img/sharp-linux-riscv64@npm:0.34.5"
  dependencies:
    "@img/sharp-libvips-linux-riscv64": "npm:1.2.4"
  dependenciesMeta:
    "@img/sharp-libvips-linux-riscv64":
      optional: true
  conditions: os=linux & cpu=riscv64 & libc=glibc
  languageName: node
  linkType: hard

"@img/sharp-linux-s390x@npm:0.34.5":
  version: 0.34.5
  resolution: "@img/sharp-linux-s390x@npm:0.34.5"
  dependencies:
    "@img/sharp-libvips-linux-s390x": "npm:1.2.4"
  dependenciesMeta:
    "@img/sharp-libvips-linux-s390x":
      optional: true
  conditions: os=linux & cpu=s390x & libc=glibc
  languageName: node
  linkType: hard

"@img/sharp-linux-x64@npm:0.34.5":
  version: 0.34.5
  resolution: "@img/sharp-linux-x64@npm:0.34.5"
  dependencies:
    "@img/sharp-libvips-linux-x64": "npm:1.2.4"
  dependenciesMeta:
    "@img/sharp-libvips-linux-x64":
      optional: true
  conditions: os=linux & cpu=x64 & libc=glibc
  languageName: node
  linkType: hard

"@img/sharp-linuxmusl-arm64@npm:0.34.5":
  version: 0.34.5
  resolution: "@img/sharp-linuxmusl-arm64@npm:0.34.5"
  dependencies:
    "@img/sharp-libvips-linuxmusl-arm64": "npm:1.2.4"
  dependenciesMeta:
    "@img/sharp-libvips-linuxmusl-arm64":
      optional: true
  conditions: os=linux & cpu=arm64 & libc=musl
  languageName: node
  linkType: hard

"@img/sharp-linuxmusl-x64@npm:0.34.5":
  version: 0.34.5
  resolution: "@img/sharp-linuxmusl-x64@npm:0.34.5"
  dependencies:
    "@img/sharp-libvips-linuxmusl-x64": "npm:1.2.4"
  dependenciesMeta:
    "@img/sharp-libvips-linuxmusl-x64":
      optional: true
  conditions: os=linux & cpu=x64 & libc=musl
  languageName: node
  linkType: hard

"@img/sharp-wasm32@npm:0.34.5":
  version: 0.34.5
  resolution: "@img/sharp-wasm32@npm:0.34.5"
  dependencies:
    "@emnapi/runtime": "npm:^1.7.0"
  conditions: cpu=wasm32
  languageName: node
  linkType: hard

"@img/sharp-win32-arm64@npm:0.34.5":
  version: 0.34.5
  resolution: "@img/sharp-win32-arm64@npm:0.34.5"
  conditions: os=win32 & cpu=arm64
  languageName: node
  linkType: hard

"@img/sharp-win32-ia32@npm:0.34.5":
  version: 0.34.5
  resolution: "@img/sharp-win32-ia32@npm:0.34.5"
  conditions: os=win32 & cpu=ia32
  languageName: node
  linkType: hard

"@img/sharp-win32-x64@npm:0.34.5":
  version: 0.34.5
  resolution: "@img/sharp-win32-x64@npm:0.34.5"
  conditions: os=win32 & cpu=x64
  languageName: node
  linkType: hard

"@next/env@npm:16.2.4":
  version: 16.2.4
  resolution: "@next/env@npm:16.2.4"
  checksum: 10/e90081137c61cd108a8e07d4d16f815011aaef6e2761d7a99e2e4a6d3682318a43f4857a92be638874d9df30e49f840162b6000905c1ba194deef9bf8439c631
  languageName: node
  linkType: hard

"@next/swc-darwin-arm64@npm:16.2.4":
  version: 16.2.4
  resolution: "@next/swc-darwin-arm64@npm:16.2.4"
  conditions: os=darwin & cpu=arm64
  languageName: node
  linkType: hard

"@next/swc-darwin-x64@npm:16.2.4":
  version: 16.2.4
  resolution: "@next/swc-darwin-x64@npm:16.2.4"
  conditions: os=darwin & cpu=x64
  languageName: node
  linkType: hard

"@next/swc-linux-arm64-gnu@npm:16.2.4":
  version: 16.2.4
  resolution: "@next/swc-linux-arm64-gnu@npm:16.2.4"
  conditions: os=linux & cpu=arm64 & libc=glibc
  languageName: node
  linkType: hard

"@next/swc-linux-arm64-musl@npm:16.2.4":
  version: 16.2.4
  resolution: "@next/swc-linux-arm64-musl@npm:16.2.4"
  conditions: os=linux & cpu=arm64 & libc=musl
  languageName: node
  linkType: hard

"@next/swc-linux-x64-gnu@npm:16.2.4":
  version: 16.2.4
  resolution: "@next/swc-linux-x64-gnu@npm:16.2.4"
  conditions: os=linux & cpu=x64 & libc=glibc
  languageName: node
  linkType: hard

"@next/swc-linux-x64-musl@npm:16.2.4":
  version: 16.2.4
  resolution: "@next/swc-linux-x64-musl@npm:16.2.4"
  conditions: os=linux & cpu=x64 & libc=musl
  languageName: node
  linkType: hard

"@next/swc-win32-arm64-msvc@npm:16.2.4":
  version: 16.2.4
  resolution: "@next/swc-win32-arm64-msvc@npm:16.2.4"
  conditions: os=win32 & cpu=arm64
  languageName: node
  linkType: hard

"@next/swc-win32-x64-msvc@npm:16.2.4":
  version: 16.2.4
  resolution: "@next/swc-win32-x64-msvc@npm:16.2.4"
  conditions: os=win32 & cpu=x64
  languageName: node
  linkType: hard

"@reach/router@npm:^1.3.3":
  version: 1.3.4
  resolution: "@reach/router@npm:1.3.4"
  dependencies:
    create-react-context: "npm:0.3.0"
    invariant: "npm:^2.2.3"
    prop-types: "npm:^15.6.1"
    react-lifecycles-compat: "npm:^3.0.4"
  peerDependencies:
    react: 15.x || 16.x || 16.4.0-alpha.0911da3
    react-dom: 15.x || 16.x || 16.4.0-alpha.0911da3
  checksum: 10/4e0a5f5c9d94f3d7113188c0377d4c654c10f455904e3a66a442dc3c6ee257f8e782b95440574c1417525f6a886b37a3d861dc369a73d9537746dd60051615f9
  languageName: node
  linkType: hard

"@swc/helpers@npm:0.5.15":
  version: 0.5.15
  resolution: "@swc/helpers@npm:0.5.15"
  dependencies:
    tslib: "npm:^2.8.0"
  checksum: 10/e3f32c6deeecfb0fa3f22edff03a7b358e7ce16d27b0f1c8b5cdc3042c5c4ce4da6eac0b781ab7cc4f54696ece657467d56734fb26883439fb00017385364c4c
  languageName: node
  linkType: hard

"baseline-browser-mapping@npm:^2.9.19":
  version: 2.10.27
  resolution: "baseline-browser-mapping@npm:2.10.27"
  bin:
    baseline-browser-mapping: dist/cli.cjs
  checksum: 10/4f28c994592d92ab70479f6fb802c219922a72876e20001a39ae0a0d2fef8c86197ebc830c32c23be3a7ee99e5eababf992c0883461ef5af56a075e8c66079ee
  languageName: node
  linkType: hard

"caniuse-lite@npm:^1.0.30001579":
  version: 1.0.30001791
  resolution: "caniuse-lite@npm:1.0.30001791"
  checksum: 10/0ec6ef60ca9f5da3da37a57c8b7b645878b6aca406eb5b569dda0bdfa518fe83320e3e2e9e25450a40a8f34854c1537c287f8bd107830aa6f39c3018f98fe408
  languageName: node
  linkType: hard

"classnames@npm:^2.2.6":
  version: 2.5.1
  resolution: "classnames@npm:2.5.1"
  checksum: 10/58eb394e8817021b153bb6e7d782cfb667e4ab390cb2e9dac2fc7c6b979d1cc2b2a733093955fc5c94aa79ef5c8c89f11ab77780894509be6afbb91dddd79d15
  languageName: node
  linkType: hard

"client-only@npm:0.0.1":
  version: 0.0.1
  resolution: "client-only@npm:0.0.1"
  checksum: 10/0c16bf660dadb90610553c1d8946a7fdfb81d624adea073b8440b7d795d5b5b08beb3c950c6a2cf16279365a3265158a236876d92bce16423c485c322d7dfaf8
  languageName: node
  linkType: hard

"create-react-context@npm:0.3.0":
  version: 0.3.0
  resolution: "create-react-context@npm:0.3.0"
  dependencies:
    gud: "npm:^1.0.0"
    warning: "npm:^4.0.3"
  peerDependencies:
    prop-types: ^15.0.0
    react: ^0.14.0 || ^15.0.0 || ^16.0.0
  checksum: 10/3ae9d5af6a36993c5b9928967b4258e8d327373def6fb5964cebfcb00e6dce48297317adb9346bb8fad7eed35e6b39f3dbbac8b6ab29015de48d7ee60774f665
  languageName: node
  linkType: hard

"detect-libc@npm:^2.1.2":
  version: 2.1.2
  resolution: "detect-libc@npm:2.1.2"
  checksum: 10/b736c8d97d5d46164c0d1bed53eb4e6a3b1d8530d460211e2d52f1c552875e706c58a5376854e4e54f8b828c9cada58c855288c968522eb93ac7696d65970766
  languageName: node
  linkType: hard

"grid-basic-example@workspace:.":
  version: 0.0.0-use.local
  resolution: "grid-basic-example@workspace:."
  dependencies:
    "@carbon/grid": "npm:^11.9.0"
    "@reach/router": "npm:^1.3.3"
    classnames: "npm:^2.2.6"
    next: "npm:^16.2.4"
    prettify-xml: "npm:^1.2.0"
    prismjs: "npm:^1.20.0"
    react: "npm:^19.2.5"
    react-dom: "npm:^19.2.5"
  languageName: unknown
  linkType: soft

"gud@npm:^1.0.0":
  version: 1.0.0
  resolution: "gud@npm:1.0.0"
  checksum: 10/3e2eb37cf794364077c18f036d6aa259c821c7fd188f2b7935cb00d589d82a41e0ebb1be809e1a93679417f62f1ad0513e745c3cf5329596e489aef8c5e5feae
  languageName: node
  linkType: hard

"invariant@npm:^2.2.3":
  version: 2.2.4
  resolution: "invariant@npm:2.2.4"
  dependencies:
    loose-envify: "npm:^1.0.0"
  checksum: 10/cc3182d793aad82a8d1f0af697b462939cb46066ec48bbf1707c150ad5fad6406137e91a262022c269702e01621f35ef60269f6c0d7fd178487959809acdfb14
  languageName: node
  linkType: hard

"js-tokens@npm:^3.0.0 || ^4.0.0":
  version: 4.0.0
  resolution: "js-tokens@npm:4.0.0"
  checksum: 10/af37d0d913fb56aec6dc0074c163cc71cd23c0b8aad5c2350747b6721d37ba118af35abdd8b33c47ec2800de07dedb16a527ca9c530ee004093e04958bd0cbf2
  languageName: node
  linkType: hard

"loose-envify@npm:^1.0.0, loose-envify@npm:^1.4.0":
  version: 1.4.0
  resolution: "loose-envify@npm:1.4.0"
  dependencies:
    js-tokens: "npm:^3.0.0 || ^4.0.0"
  bin:
    loose-envify: cli.js
  checksum: 10/6517e24e0cad87ec9888f500c5b5947032cdfe6ef65e1c1936a0c48a524b81e65542c9c3edc91c97d5bddc806ee2a985dbc79be89215d613b1de5db6d1cfe6f4
  languageName: node
  linkType: hard

"nanoid@npm:^3.3.6":
  version: 3.3.12
  resolution: "nanoid@npm:3.3.12"
  bin:
    nanoid: bin/nanoid.cjs
  checksum: 10/6eec280694e2088d18fb802b1e3bfc4578e27b665b7ecfbe36c7356612fea2f814277056e671e2a1529dff551588a652efdc0bfa39f8a3185bc2247be311872e
  languageName: node
  linkType: hard

"next@npm:^16.2.4":
  version: 16.2.4
  resolution: "next@npm:16.2.4"
  dependencies:
    "@next/env": "npm:16.2.4"
    "@next/swc-darwin-arm64": "npm:16.2.4"
    "@next/swc-darwin-x64": "npm:16.2.4"
    "@next/swc-linux-arm64-gnu": "npm:16.2.4"
    "@next/swc-linux-arm64-musl": "npm:16.2.4"
    "@next/swc-linux-x64-gnu": "npm:16.2.4"
    "@next/swc-linux-x64-musl": "npm:16.2.4"
    "@next/swc-win32-arm64-msvc": "npm:16.2.4"
    "@next/swc-win32-x64-msvc": "npm:16.2.4"
    "@swc/helpers": "npm:0.5.15"
    baseline-browser-mapping: "npm:^2.9.19"
    caniuse-lite: "npm:^1.0.30001579"
    postcss: "npm:8.4.31"
    sharp: "npm:^0.34.5"
    styled-jsx: "npm:5.1.6"
  peerDependencies:
    "@opentelemetry/api": ^1.1.0
    "@playwright/test": ^1.51.1
    babel-plugin-react-compiler: "*"
    react: ^18.2.0 || 19.0.0-rc-de68d2f4-20241204 || ^19.0.0
    react-dom: ^18.2.0 || 19.0.0-rc-de68d2f4-20241204 || ^19.0.0
    sass: ^1.3.0
  dependenciesMeta:
    "@next/swc-darwin-arm64":
      optional: true
    "@next/swc-darwin-x64":
      optional: true
    "@next/swc-linux-arm64-gnu":
      optional: true
    "@next/swc-linux-arm64-musl":
      optional: true
    "@next/swc-linux-x64-gnu":
      optional: true
    "@next/swc-linux-x64-musl":
      optional: true
    "@next/swc-win32-arm64-msvc":
      optional: true
    "@next/swc-win32-x64-msvc":
      optional: true
    sharp:
      optional: true
  peerDependenciesMeta:
    "@opentelemetry/api":
      optional: true
    "@playwright/test":
      optional: true
    babel-plugin-react-compiler:
      optional: true
    sass:
      optional: true
  bin:
    next: dist/bin/next
  checksum: 10/57aa95316694d378e872a78e1e00380af0c06a3f0062353fea0ce90e4052c6f7dc48139767972c305e7eaaaf7bbfaa29ae7d20de3ba009adc73a43a21685cd09
  languageName: node
  linkType: hard

"object-assign@npm:^4.1.1":
  version: 4.1.1
  resolution: "object-assign@npm:4.1.1"
  checksum: 10/fcc6e4ea8c7fe48abfbb552578b1c53e0d194086e2e6bbbf59e0a536381a292f39943c6e9628af05b5528aa5e3318bb30d6b2e53cadaf5b8fe9e12c4b69af23f
  languageName: node
  linkType: hard

"picocolors@npm:^1.0.0":
  version: 1.1.1
  resolution: "picocolors@npm:1.1.1"
  checksum: 10/e1cf46bf84886c79055fdfa9dcb3e4711ad259949e3565154b004b260cd356c5d54b31a1437ce9782624bf766272fe6b0154f5f0c744fb7af5d454d2b60db045
  languageName: node
  linkType: hard

"postcss@npm:8.4.31":
  version: 8.4.31
  resolution: "postcss@npm:8.4.31"
  dependencies:
    nanoid: "npm:^3.3.6"
    picocolors: "npm:^1.0.0"
    source-map-js: "npm:^1.0.2"
  checksum: 10/1a6653e72105907377f9d4f2cd341d8d90e3fde823a5ddea1e2237aaa56933ea07853f0f2758c28892a1d70c53bbaca200eb8b80f8ed55f13093003dbec5afa0
  languageName: node
  linkType: hard

"prettify-xml@npm:^1.2.0":
  version: 1.2.0
  resolution: "prettify-xml@npm:1.2.0"
  checksum: 10/148ea564be7af7d936b05b10c38e91846352397be9cdda9b304f2a3f1a2b6fa175e4dc9f377e54a35180688da1495f760103ffda4b2f5556c98c784b890eb349
  languageName: node
  linkType: hard

"prismjs@npm:^1.20.0":
  version: 1.30.0
  resolution: "prismjs@npm:1.30.0"
  checksum: 10/6b48a2439a82e5c6882f48ebc1564c3890e16463ba17ac10c3ad4f62d98dea5b5c915b172b63b83023a70ad4f5d7be3e8a60304420db34a161fae69dd4e3e2da
  languageName: node
  linkType: hard

"prop-types@npm:^15.6.1":
  version: 15.8.1
  resolution: "prop-types@npm:15.8.1"
  dependencies:
    loose-envify: "npm:^1.4.0"
    object-assign: "npm:^4.1.1"
    react-is: "npm:^16.13.1"
  checksum: 10/7d959caec002bc964c86cdc461ec93108b27337dabe6192fb97d69e16a0c799a03462713868b40749bfc1caf5f57ef80ac3e4ffad3effa636ee667582a75e2c0
  languageName: node
  linkType: hard

"react-dom@npm:^19.2.5":
  version: 19.2.5
  resolution: "react-dom@npm:19.2.5"
  dependencies:
    scheduler: "npm:^0.27.0"
  peerDependencies:
    react: ^19.2.5
  checksum: 10/ba14b022c7191d27b723314b964a1a4d839832e6edd231294097e323973808f97ac647bcf182ab0104e20ae6532dbc36733aec3e8333a1446a7183099c96b255
  languageName: node
  linkType: hard

"react-is@npm:^16.13.1":
  version: 16.13.1
  resolution: "react-is@npm:16.13.1"
  checksum: 10/5aa564a1cde7d391ac980bedee21202fc90bdea3b399952117f54fb71a932af1e5902020144fb354b4690b2414a0c7aafe798eb617b76a3d441d956db7726fdf
  languageName: node
  linkType: hard

"react-lifecycles-compat@npm:^3.0.4":
  version: 3.0.4
  resolution: "react-lifecycles-compat@npm:3.0.4"
  checksum: 10/c66b9c98c15cd6b0d0a4402df5f665e8cc7562fb7033c34508865bea51fd7b623f7139b5b7e708515d3cd665f264a6a9403e1fa7e6d61a05759066f5e9f07783
  languageName: node
  linkType: hard

"react@npm:^19.2.5":
  version: 19.2.5
  resolution: "react@npm:19.2.5"
  checksum: 10/1c3c7ffecb90b7f89a5c3ef635e6811f3a84600097f203b918150cb7e6b0a52915e858e5b4c82317a520dffccfa46ee4819ccf92c59c5b2d6c25cffe258dd20c
  languageName: node
  linkType: hard

"scheduler@npm:^0.27.0":
  version: 0.27.0
  resolution: "scheduler@npm:0.27.0"
  checksum: 10/eab3c3a8373195173e59c147224fc30dabe6dd453f248f5e610e8458512a5a2ee3a06465dc400ebfe6d35c9f5b7f3bb6b2e41c88c86fd177c25a73e7286a1e06
  languageName: node
  linkType: hard

"semver@npm:^7.7.3":
  version: 7.7.4
  resolution: "semver@npm:7.7.4"
  bin:
    semver: bin/semver.js
  checksum: 10/26bdc6d58b29528f4142d29afb8526bc335f4fc04c4a10f2b98b217f277a031c66736bf82d3d3bb354a2f6a3ae50f18fd62b053c4ac3f294a3d10a61f5075b75
  languageName: node
  linkType: hard

"sharp@npm:^0.34.5":
  version: 0.34.5
  resolution: "sharp@npm:0.34.5"
  dependencies:
    "@img/colour": "npm:^1.0.0"
    "@img/sharp-darwin-arm64": "npm:0.34.5"
    "@img/sharp-darwin-x64": "npm:0.34.5"
    "@img/sharp-libvips-darwin-arm64": "npm:1.2.4"
    "@img/sharp-libvips-darwin-x64": "npm:1.2.4"
    "@img/sharp-libvips-linux-arm": "npm:1.2.4"
    "@img/sharp-libvips-linux-arm64": "npm:1.2.4"
    "@img/sharp-libvips-linux-ppc64": "npm:1.2.4"
    "@img/sharp-libvips-linux-riscv64": "npm:1.2.4"
    "@img/sharp-libvips-linux-s390x": "npm:1.2.4"
    "@img/sharp-libvips-linux-x64": "npm:1.2.4"
    "@img/sharp-libvips-linuxmusl-arm64": "npm:1.2.4"
    "@img/sharp-libvips-linuxmusl-x64": "npm:1.2.4"
    "@img/sharp-linux-arm": "npm:0.34.5"
    "@img/sharp-linux-arm64": "npm:0.34.5"
    "@img/sharp-linux-ppc64": "npm:0.34.5"
    "@img/sharp-linux-riscv64": "npm:0.34.5"
    "@img/sharp-linux-s390x": "npm:0.34.5"
    "@img/sharp-linux-x64": "npm:0.34.5"
    "@img/sharp-linuxmusl-arm64": "npm:0.34.5"
    "@img/sharp-linuxmusl-x64": "npm:0.34.5"
    "@img/sharp-wasm32": "npm:0.34.5"
    "@img/sharp-win32-arm64": "npm:0.34.5"
    "@img/sharp-win32-ia32": "npm:0.34.5"
    "@img/sharp-win32-x64": "npm:0.34.5"
    detect-libc: "npm:^2.1.2"
    semver: "npm:^7.7.3"
  dependenciesMeta:
    "@img/sharp-darwin-arm64":
      optional: true
    "@img/sharp-darwin-x64":
      optional: true
    "@img/sharp-libvips-darwin-arm64":
      optional: true
    "@img/sharp-libvips-darwin-x64":
      optional: true
    "@img/sharp-libvips-linux-arm":
      optional: true
    "@img/sharp-libvips-linux-arm64":
      optional: true
    "@img/sharp-libvips-linux-ppc64":
      optional: true
    "@img/sharp-libvips-linux-riscv64":
      optional: true
    "@img/sharp-libvips-linux-s390x":
      optional: true
    "@img/sharp-libvips-linux-x64":
      optional: true
    "@img/sharp-libvips-linuxmusl-arm64":
      optional: true
    "@img/sharp-libvips-linuxmusl-x64":
      optional: true
    "@img/sharp-linux-arm":
      optional: true
    "@img/sharp-linux-arm64":
      optional: true
    "@img/sharp-linux-ppc64":
      optional: true
    "@img/sharp-linux-riscv64":
      optional: true
    "@img/sharp-linux-s390x":
      optional: true
    "@img/sharp-linux-x64":
      optional: true
    "@img/sharp-linuxmusl-arm64":
      optional: true
    "@img/sharp-linuxmusl-x64":
      optional: true
    "@img/sharp-wasm32":
      optional: true
    "@img/sharp-win32-arm64":
      optional: true
    "@img/sharp-win32-ia32":
      optional: true
    "@img/sharp-win32-x64":
      optional: true
  checksum: 10/d62bc638c8ad382dffc266beeaffab71457d592abeb6fdf95b512e6dcbce0abf47b8d903b4ea081f012ceb40e4462f1e219184c729329146df32a5ccec2c231f
  languageName: node
  linkType: hard

"source-map-js@npm:^1.0.2":
  version: 1.2.1
  resolution: "source-map-js@npm:1.2.1"
  checksum: 10/ff9d8c8bf096d534a5b7707e0382ef827b4dd360a577d3f34d2b9f48e12c9d230b5747974ee7c607f0df65113732711bb701fe9ece3c7edbd43cb2294d707df3
  languageName: node
  linkType: hard

"styled-jsx@npm:5.1.6":
  version: 5.1.6
  resolution: "styled-jsx@npm:5.1.6"
  dependencies:
    client-only: "npm:0.0.1"
  peerDependencies:
    react: ">= 16.8.0 || 17.x.x || ^18.0.0-0 || ^19.0.0-0"
  peerDependenciesMeta:
    "@babel/core":
      optional: true
    babel-plugin-macros:
      optional: true
  checksum: 10/ba01200e8227fe1441a719c2e7da96c8aa7ef61d14211d1500e1abce12efa118479bcb6e7e12beecb9e1db76432caad2f4e01bbc0c9be21c134b088a4ca5ffe0
  languageName: node
  linkType: hard

"tslib@npm:^2.4.0, tslib@npm:^2.8.0":
  version: 2.8.1
  resolution: "tslib@npm:2.8.1"
  checksum: 10/3e2e043d5c2316461cb54e5c7fe02c30ef6dccb3384717ca22ae5c6b5bc95232a6241df19c622d9c73b809bea33b187f6dbc73030963e29950c2141bc32a79f7
  languageName: node
  linkType: hard

"warning@npm:^4.0.3":
  version: 4.0.3
  resolution: "warning@npm:4.0.3"
  dependencies:
    loose-envify: "npm:^1.0.0"
  checksum: 10/e7842aff036e2e07ce7a6cc3225e707775b969fe3d0577ad64bd24660e3a9ce3017f0b8c22a136566dcd3a151f37b8ed1ccee103b3bd82bd8a571bf80b247bc4
  languageName: node
  linkType: hard
