# This file is generated by running "yarn install" inside your project.
# Manual changes might be lost - proceed with caution!

__metadata:
  version: 6
  cacheKey: 8

"@carbon/grid@npm:^11.9.0":
  version: 11.9.0
  resolution: "@carbon/grid@npm:11.9.0"
  dependencies:
    "@carbon/layout": ^11.9.0
  checksum: 0be7101ebdba6f49078551d8456d1a62a29bc0838233d4f2385486825ae12adde90d4508f5d43c27d087cd023b1f0a4d7df451d758dd47bbb2b6454679002bd0
  languageName: node
  linkType: hard

"@carbon/layout@npm:^11.9.0":
  version: 11.9.0
  resolution: "@carbon/layout@npm:11.9.0"
  checksum: 9e121380f7588058254ebbad05934ea80c15c8734c92dc5a3c8e1068d77afc2118735d6bec37a82489a33d46140dd432d7fb5186d425eb5efd84b442b23fac18
  languageName: node
  linkType: hard

"@next/env@npm:13.4.9":
  version: 13.4.9
  resolution: "@next/env@npm:13.4.9"
  checksum: 625f01571ac5dabbb90567a987fdc16eca86cd9cfd592edabf7d3e3024972cd83564d53202293163851b85fa643f846a5757c8696a3c44315c98dae5b634f122
  languageName: node
  linkType: hard

"@next/swc-darwin-arm64@npm:13.4.9":
  version: 13.4.9
  resolution: "@next/swc-darwin-arm64@npm:13.4.9"
  conditions: os=darwin & cpu=arm64
  languageName: node
  linkType: hard

"@next/swc-darwin-x64@npm:13.4.9":
  version: 13.4.9
  resolution: "@next/swc-darwin-x64@npm:13.4.9"
  conditions: os=darwin & cpu=x64
  languageName: node
  linkType: hard

"@next/swc-linux-arm64-gnu@npm:13.4.9":
  version: 13.4.9
  resolution: "@next/swc-linux-arm64-gnu@npm:13.4.9"
  conditions: os=linux & cpu=arm64 & libc=glibc
  languageName: node
  linkType: hard

"@next/swc-linux-arm64-musl@npm:13.4.9":
  version: 13.4.9
  resolution: "@next/swc-linux-arm64-musl@npm:13.4.9"
  conditions: os=linux & cpu=arm64 & libc=musl
  languageName: node
  linkType: hard

"@next/swc-linux-x64-gnu@npm:13.4.9":
  version: 13.4.9
  resolution: "@next/swc-linux-x64-gnu@npm:13.4.9"
  conditions: os=linux & cpu=x64 & libc=glibc
  languageName: node
  linkType: hard

"@next/swc-linux-x64-musl@npm:13.4.9":
  version: 13.4.9
  resolution: "@next/swc-linux-x64-musl@npm:13.4.9"
  conditions: os=linux & cpu=x64 & libc=musl
  languageName: node
  linkType: hard

"@next/swc-win32-arm64-msvc@npm:13.4.9":
  version: 13.4.9
  resolution: "@next/swc-win32-arm64-msvc@npm:13.4.9"
  conditions: os=win32 & cpu=arm64
  languageName: node
  linkType: hard

"@next/swc-win32-ia32-msvc@npm:13.4.9":
  version: 13.4.9
  resolution: "@next/swc-win32-ia32-msvc@npm:13.4.9"
  conditions: os=win32 & cpu=ia32
  languageName: node
  linkType: hard

"@next/swc-win32-x64-msvc@npm:13.4.9":
  version: 13.4.9
  resolution: "@next/swc-win32-x64-msvc@npm:13.4.9"
  conditions: os=win32 & cpu=x64
  languageName: node
  linkType: hard

"@reach/router@npm:^1.3.3":
  version: 1.3.3
  resolution: "@reach/router@npm:1.3.3"
  dependencies:
    create-react-context: 0.3.0
    invariant: ^2.2.3
    prop-types: ^15.6.1
    react-lifecycles-compat: ^3.0.4
  peerDependencies:
    react: 15.x || 16.x || 16.4.0-alpha.0911da3
    react-dom: 15.x || 16.x || 16.4.0-alpha.0911da3
  checksum: eddb1fd624a10124b9df4d001e2c064b398e94276919488e546f9d429165ed21856de5fab1150b7ea8e1465e76224cfb6270d439e785cb012b68002344ec4ed3
  languageName: node
  linkType: hard

"@swc/helpers@npm:0.5.1":
  version: 0.5.1
  resolution: "@swc/helpers@npm:0.5.1"
  dependencies:
    tslib: ^2.4.0
  checksum: 71e0e27234590435e4c62b97ef5e796f88e786841a38c7116a5e27a3eafa7b9ead7cdec5249b32165902076de78446945311c973e59bddf77c1e24f33a8f272a
  languageName: node
  linkType: hard

"busboy@npm:1.6.0":
  version: 1.6.0
  resolution: "busboy@npm:1.6.0"
  dependencies:
    streamsearch: ^1.1.0
  checksum: 32801e2c0164e12106bf236291a00795c3c4e4b709ae02132883fe8478ba2ae23743b11c5735a0aae8afe65ac4b6ca4568b91f0d9fed1fdbc32ede824a73746e
  languageName: node
  linkType: hard

"caniuse-lite@npm:^1.0.30001406":
  version: 1.0.30001458
  resolution: "caniuse-lite@npm:1.0.30001458"
  checksum: 258cc5a25babbbfe483bf788c6f321a19400ff80b2bf156b360bac09a6f9f4da44516350d187a30395667cb142c682d9ea96577ea0df236d35f76234b07ccb41
  languageName: node
  linkType: hard

"classnames@npm:^2.2.6":
  version: 2.2.6
  resolution: "classnames@npm:2.2.6"
  checksum: 09a4fda780158aa8399079898eabeeca0c48c28641d9e4de140db7412e5e346843039ded1af0152f755afc2cc246ff8c3d6f227bf0dcb004e070b7fa14ec54cc
  languageName: node
  linkType: hard

"client-only@npm:0.0.1":
  version: 0.0.1
  resolution: "client-only@npm:0.0.1"
  checksum: 0c16bf660dadb90610553c1d8946a7fdfb81d624adea073b8440b7d795d5b5b08beb3c950c6a2cf16279365a3265158a236876d92bce16423c485c322d7dfaf8
  languageName: node
  linkType: hard

"clipboard@npm:^2.0.0":
  version: 2.0.6
  resolution: "clipboard@npm:2.0.6"
  dependencies:
    good-listener: ^1.2.2
    select: ^1.1.2
    tiny-emitter: ^2.0.0
  checksum: e0eeef536344b2334fd8b0b5969e63e094051891c7e14643e47f67779aef06491e4cecbd73b21295764235aa829534fa812134ea8920537dd6a90cad68acd11f
  languageName: node
  linkType: hard

"create-react-context@npm:0.3.0":
  version: 0.3.0
  resolution: "create-react-context@npm:0.3.0"
  dependencies:
    gud: ^1.0.0
    warning: ^4.0.3
  peerDependencies:
    prop-types: ^15.0.0
    react: ^0.14.0 || ^15.0.0 || ^16.0.0
  checksum: e59b7a65671e59f5b11e06f67faadf0733ab6c33247d5631331aeb05450d180b8ae44d73817b9c02f1527654ba490ea3d3dd7320f8d6debb36776f10b0ae6a47
  languageName: node
  linkType: hard

"delegate@npm:^3.1.2":
  version: 3.2.0
  resolution: "delegate@npm:3.2.0"
  checksum: d943058fe05897228b158cbd1bab05164df28c8f54127873231d6b03b0a5acc1b3ee1f98ac70ccc9b79cd84aa47118a7de111fee2923753491583905069da27d
  languageName: node
  linkType: hard

"glob-to-regexp@npm:^0.4.1":
  version: 0.4.1
  resolution: "glob-to-regexp@npm:0.4.1"
  checksum: e795f4e8f06d2a15e86f76e4d92751cf8bbfcf0157cea5c2f0f35678a8195a750b34096b1256e436f0cebc1883b5ff0888c47348443e69546a5a87f9e1eb1167
  languageName: node
  linkType: hard

"good-listener@npm:^1.2.2":
  version: 1.2.2
  resolution: "good-listener@npm:1.2.2"
  dependencies:
    delegate: ^3.1.2
  checksum: f39fb82c4e41524f56104cfd2d7aef1a88e72f3f75139115fbdf98cc7d844e0c1b39218b2e83438c6188727bf904ed78c7f0f2feff67b32833bc3af7f0202b33
  languageName: node
  linkType: hard

"graceful-fs@npm:^4.1.2":
  version: 4.2.11
  resolution: "graceful-fs@npm:4.2.11"
  checksum: ac85f94da92d8eb6b7f5a8b20ce65e43d66761c55ce85ac96df6865308390da45a8d3f0296dd3a663de65d30ba497bd46c696cc1e248c72b13d6d567138a4fc7
  languageName: node
  linkType: hard

"grid-basic-example@workspace:.":
  version: 0.0.0-use.local
  resolution: "grid-basic-example@workspace:."
  dependencies:
    "@carbon/grid": ^11.9.0
    "@reach/router": ^1.3.3
    classnames: ^2.2.6
    next: ^13.4.7
    prettify-xml: ^1.2.0
    prismjs: ^1.20.0
    react: ^18.2.0
    react-dom: ^18.2.0
  languageName: unknown
  linkType: soft

"gud@npm:^1.0.0":
  version: 1.0.0
  resolution: "gud@npm:1.0.0"
  checksum: 3e2eb37cf794364077c18f036d6aa259c821c7fd188f2b7935cb00d589d82a41e0ebb1be809e1a93679417f62f1ad0513e745c3cf5329596e489aef8c5e5feae
  languageName: node
  linkType: hard

"invariant@npm:^2.2.3":
  version: 2.2.4
  resolution: "invariant@npm:2.2.4"
  dependencies:
    loose-envify: ^1.0.0
  checksum: cc3182d793aad82a8d1f0af697b462939cb46066ec48bbf1707c150ad5fad6406137e91a262022c269702e01621f35ef60269f6c0d7fd178487959809acdfb14
  languageName: node
  linkType: hard

"js-tokens@npm:^3.0.0 || ^4.0.0":
  version: 4.0.0
  resolution: "js-tokens@npm:4.0.0"
  checksum: 8a95213a5a77deb6cbe94d86340e8d9ace2b93bc367790b260101d2f36a2eaf4e4e22d9fa9cf459b38af3a32fb4190e638024cf82ec95ef708680e405ea7cc78
  languageName: node
  linkType: hard

"loose-envify@npm:^1.0.0, loose-envify@npm:^1.1.0, loose-envify@npm:^1.4.0":
  version: 1.4.0
  resolution: "loose-envify@npm:1.4.0"
  dependencies:
    js-tokens: ^3.0.0 || ^4.0.0
  bin:
    loose-envify: cli.js
  checksum: 6517e24e0cad87ec9888f500c5b5947032cdfe6ef65e1c1936a0c48a524b81e65542c9c3edc91c97d5bddc806ee2a985dbc79be89215d613b1de5db6d1cfe6f4
  languageName: node
  linkType: hard

"nanoid@npm:^3.3.4":
  version: 3.3.4
  resolution: "nanoid@npm:3.3.4"
  bin:
    nanoid: bin/nanoid.cjs
  checksum: 2fddd6dee994b7676f008d3ffa4ab16035a754f4bb586c61df5a22cf8c8c94017aadd360368f47d653829e0569a92b129979152ff97af23a558331e47e37cd9c
  languageName: node
  linkType: hard

"next@npm:^13.4.7":
  version: 13.4.9
  resolution: "next@npm:13.4.9"
  dependencies:
    "@next/env": 13.4.9
    "@next/swc-darwin-arm64": 13.4.9
    "@next/swc-darwin-x64": 13.4.9
    "@next/swc-linux-arm64-gnu": 13.4.9
    "@next/swc-linux-arm64-musl": 13.4.9
    "@next/swc-linux-x64-gnu": 13.4.9
    "@next/swc-linux-x64-musl": 13.4.9
    "@next/swc-win32-arm64-msvc": 13.4.9
    "@next/swc-win32-ia32-msvc": 13.4.9
    "@next/swc-win32-x64-msvc": 13.4.9
    "@swc/helpers": 0.5.1
    busboy: 1.6.0
    caniuse-lite: ^1.0.30001406
    postcss: 8.4.14
    styled-jsx: 5.1.1
    watchpack: 2.4.0
    zod: 3.21.4
  peerDependencies:
    "@opentelemetry/api": ^1.1.0
    fibers: ">= 3.1.0"
    react: ^18.2.0
    react-dom: ^18.2.0
    sass: ^1.3.0
  dependenciesMeta:
    "@next/swc-darwin-arm64":
      optional: true
    "@next/swc-darwin-x64":
      optional: true
    "@next/swc-linux-arm64-gnu":
      optional: true
    "@next/swc-linux-arm64-musl":
      optional: true
    "@next/swc-linux-x64-gnu":
      optional: true
    "@next/swc-linux-x64-musl":
      optional: true
    "@next/swc-win32-arm64-msvc":
      optional: true
    "@next/swc-win32-ia32-msvc":
      optional: true
    "@next/swc-win32-x64-msvc":
      optional: true
  peerDependenciesMeta:
    "@opentelemetry/api":
      optional: true
    fibers:
      optional: true
    sass:
      optional: true
  bin:
    next: dist/bin/next
  checksum: 7adb9919dc50598e53bf32da2d0f90da325b66a23cb16c291c276d0683f81bade0bb21aeaeede10154ef53eabcb4953bf883f4d752852a62a6bd7be42021aef9
  languageName: node
  linkType: hard

"object-assign@npm:^4.1.1":
  version: 4.1.1
  resolution: "object-assign@npm:4.1.1"
  checksum: fcc6e4ea8c7fe48abfbb552578b1c53e0d194086e2e6bbbf59e0a536381a292f39943c6e9628af05b5528aa5e3318bb30d6b2e53cadaf5b8fe9e12c4b69af23f
  languageName: node
  linkType: hard

"picocolors@npm:^1.0.0":
  version: 1.0.0
  resolution: "picocolors@npm:1.0.0"
  checksum: a2e8092dd86c8396bdba9f2b5481032848525b3dc295ce9b57896f931e63fc16f79805144321f72976383fc249584672a75cc18d6777c6b757603f372f745981
  languageName: node
  linkType: hard

"postcss@npm:8.4.14":
  version: 8.4.14
  resolution: "postcss@npm:8.4.14"
  dependencies:
    nanoid: ^3.3.4
    picocolors: ^1.0.0
    source-map-js: ^1.0.2
  checksum: fe58766ff32e4becf65a7d57678995cfd239df6deed2fe0557f038b47c94e4132e7e5f68b5aa820c13adfec32e523b693efaeb65798efb995ce49ccd83953816
  languageName: node
  linkType: hard

"prettify-xml@npm:^1.2.0":
  version: 1.2.0
  resolution: "prettify-xml@npm:1.2.0"
  checksum: 148ea564be7af7d936b05b10c38e91846352397be9cdda9b304f2a3f1a2b6fa175e4dc9f377e54a35180688da1495f760103ffda4b2f5556c98c784b890eb349
  languageName: node
  linkType: hard

"prismjs@npm:^1.20.0":
  version: 1.20.0
  resolution: "prismjs@npm:1.20.0"
  dependencies:
    clipboard: ^2.0.0
  dependenciesMeta:
    clipboard:
      optional: true
  checksum: 27ec30e90745da01e3de235f2ebed082d72a377a4abd2b4f421380d8af456799011422241c2e6867afabf86d4bbd4f9d725c50574bc2e554367f3258483ebd2c
  languageName: node
  linkType: hard

"prop-types@npm:^15.6.1":
  version: 15.7.2
  resolution: "prop-types@npm:15.7.2"
  dependencies:
    loose-envify: ^1.4.0
    object-assign: ^4.1.1
    react-is: ^16.8.1
  checksum: 5eef82fdda64252c7e75aa5c8cc28a24bbdece0f540adb60ce67c205cf978a5bd56b83e4f269f91c6e4dcfd80b36f2a2dec24d362e278913db2086ca9c6f9430
  languageName: node
  linkType: hard

"react-dom@npm:^18.2.0":
  version: 18.2.0
  resolution: "react-dom@npm:18.2.0"
  dependencies:
    loose-envify: ^1.1.0
    scheduler: ^0.23.0
  peerDependencies:
    react: ^18.2.0
  checksum: 7d323310bea3a91be2965f9468d552f201b1c27891e45ddc2d6b8f717680c95a75ae0bc1e3f5cf41472446a2589a75aed4483aee8169287909fcd59ad149e8cc
  languageName: node
  linkType: hard

"react-is@npm:^16.8.1":
  version: 16.13.1
  resolution: "react-is@npm:16.13.1"
  checksum: f7a19ac3496de32ca9ae12aa030f00f14a3d45374f1ceca0af707c831b2a6098ef0d6bdae51bd437b0a306d7f01d4677fcc8de7c0d331eb47ad0f46130e53c5f
  languageName: node
  linkType: hard

"react-lifecycles-compat@npm:^3.0.4":
  version: 3.0.4
  resolution: "react-lifecycles-compat@npm:3.0.4"
  checksum: a904b0fc0a8eeb15a148c9feb7bc17cec7ef96e71188280061fc340043fd6d8ee3ff233381f0e8f95c1cf926210b2c4a31f38182c8f35ac55057e453d6df204f
  languageName: node
  linkType: hard

"react@npm:^18.2.0":
  version: 18.2.0
  resolution: "react@npm:18.2.0"
  dependencies:
    loose-envify: ^1.1.0
  checksum: 88e38092da8839b830cda6feef2e8505dec8ace60579e46aa5490fc3dc9bba0bd50336507dc166f43e3afc1c42939c09fe33b25fae889d6f402721dcd78fca1b
  languageName: node
  linkType: hard

"scheduler@npm:^0.23.0":
  version: 0.23.0
  resolution: "scheduler@npm:0.23.0"
  dependencies:
    loose-envify: ^1.1.0
  checksum: d79192eeaa12abef860c195ea45d37cbf2bbf5f66e3c4dcd16f54a7da53b17788a70d109ee3d3dde1a0fd50e6a8fc171f4300356c5aee4fc0171de526bf35f8a
  languageName: node
  linkType: hard

"select@npm:^1.1.2":
  version: 1.1.2
  resolution: "select@npm:1.1.2"
  checksum: 4346151e94f226ea6131e44e68e6d837f3fdee64831b756dd657cc0b02f4cb5107f867cb34a1d1216ab7737d0bf0645d44546afb030bbd8d64e891f5e4c4814e
  languageName: node
  linkType: hard

"source-map-js@npm:^1.0.2":
  version: 1.0.2
  resolution: "source-map-js@npm:1.0.2"
  checksum: c049a7fc4deb9a7e9b481ae3d424cc793cb4845daa690bc5a05d428bf41bf231ced49b4cf0c9e77f9d42fdb3d20d6187619fc586605f5eabe995a316da8d377c
  languageName: node
  linkType: hard

"streamsearch@npm:^1.1.0":
  version: 1.1.0
  resolution: "streamsearch@npm:1.1.0"
  checksum: 1cce16cea8405d7a233d32ca5e00a00169cc0e19fbc02aa839959985f267335d435c07f96e5e0edd0eadc6d39c98d5435fb5bbbdefc62c41834eadc5622ad942
  languageName: node
  linkType: hard

"styled-jsx@npm:5.1.1":
  version: 5.1.1
  resolution: "styled-jsx@npm:5.1.1"
  dependencies:
    client-only: 0.0.1
  peerDependencies:
    react: ">= 16.8.0 || 17.x.x || ^18.0.0-0"
  peerDependenciesMeta:
    "@babel/core":
      optional: true
    babel-plugin-macros:
      optional: true
  checksum: 523a33b38603492547e861b98e29c873939b04e15fbe5ef16132c6f1e15958126647983c7d4675325038b428a5e91183d996e90141b18bdd1bbadf6e2c45b2fa
  languageName: node
  linkType: hard

"tiny-emitter@npm:^2.0.0":
  version: 2.1.0
  resolution: "tiny-emitter@npm:2.1.0"
  checksum: fbcfb5145751a0e3b109507a828eb6d6d4501352ab7bb33eccef46e22e9d9ad3953158870a6966a59e57ab7c3f9cfac7cab8521db4de6a5e757012f4677df2dd
  languageName: node
  linkType: hard

"tslib@npm:^2.4.0":
  version: 2.5.0
  resolution: "tslib@npm:2.5.0"
  checksum: ae3ed5f9ce29932d049908ebfdf21b3a003a85653a9a140d614da6b767a93ef94f460e52c3d787f0e4f383546981713f165037dc2274df212ea9f8a4541004e1
  languageName: node
  linkType: hard

"warning@npm:^4.0.3":
  version: 4.0.3
  resolution: "warning@npm:4.0.3"
  dependencies:
    loose-envify: ^1.0.0
  checksum: 4f2cb6a9575e4faf71ddad9ad1ae7a00d0a75d24521c193fa464f30e6b04027bd97aa5d9546b0e13d3a150ab402eda216d59c1d0f2d6ca60124d96cd40dfa35c
  languageName: node
  linkType: hard

"watchpack@npm:2.4.0":
  version: 2.4.0
  resolution: "watchpack@npm:2.4.0"
  dependencies:
    glob-to-regexp: ^0.4.1
    graceful-fs: ^4.1.2
  checksum: 23d4bc58634dbe13b86093e01c6a68d8096028b664ab7139d58f0c37d962d549a940e98f2f201cecdabd6f9c340338dc73ef8bf094a2249ef582f35183d1a131
  languageName: node
  linkType: hard

"zod@npm:3.21.4":
  version: 3.21.4
  resolution: "zod@npm:3.21.4"
  checksum: f185ba87342ff16f7a06686767c2b2a7af41110c7edf7c1974095d8db7a73792696bcb4a00853de0d2edeb34a5b2ea6a55871bc864227dace682a0a28de33e1f
  languageName: node
  linkType: hard
