# This file is generated by running "yarn install" inside your project.
# Manual changes might be lost - proceed with caution!

__metadata:
  version: 8
  cacheKey: 10

"@carbon/grid@npm:^11.9.0":
  version: 11.9.0
  resolution: "@carbon/grid@npm:11.9.0"
  dependencies:
    "@carbon/layout": "npm:^11.9.0"
  checksum: 10/ebf9cc5b848b0689f1dd3f2dbf552880a01c7f768474d98cc8f42deed123de64f4053ddafe39a5eecb1a7ac64d0f7a62dfe0ab6be3daf81d22cc9b697369a33c
  languageName: node
  linkType: hard

"@carbon/layout@npm:^11.9.0":
  version: 11.9.0
  resolution: "@carbon/layout@npm:11.9.0"
  checksum: 10/5e72ed2374b1516dd5b855247494d7c6ecf24772938bc91a018b076f6af4916bd5d4202c72875798ac391734f8e082229baa55dabe8b0ee2f6c0e68d5919779d
  languageName: node
  linkType: hard

"@next/env@npm:14.2.28":
  version: 14.2.28
  resolution: "@next/env@npm:14.2.28"
  checksum: 10/d747cff27e2a026776f9ab3b97c14dc56c338e696ab6b686a2663e9dbfc0536d276d95dda881d560358c02cb5e9c405d8872477d0bf3203db9f0fb1861226df0
  languageName: node
  linkType: hard

"@next/swc-darwin-arm64@npm:14.2.28":
  version: 14.2.28
  resolution: "@next/swc-darwin-arm64@npm:14.2.28"
  conditions: os=darwin & cpu=arm64
  languageName: node
  linkType: hard

"@next/swc-darwin-x64@npm:14.2.28":
  version: 14.2.28
  resolution: "@next/swc-darwin-x64@npm:14.2.28"
  conditions: os=darwin & cpu=x64
  languageName: node
  linkType: hard

"@next/swc-linux-arm64-gnu@npm:14.2.28":
  version: 14.2.28
  resolution: "@next/swc-linux-arm64-gnu@npm:14.2.28"
  conditions: os=linux & cpu=arm64 & libc=glibc
  languageName: node
  linkType: hard

"@next/swc-linux-arm64-musl@npm:14.2.28":
  version: 14.2.28
  resolution: "@next/swc-linux-arm64-musl@npm:14.2.28"
  conditions: os=linux & cpu=arm64 & libc=musl
  languageName: node
  linkType: hard

"@next/swc-linux-x64-gnu@npm:14.2.28":
  version: 14.2.28
  resolution: "@next/swc-linux-x64-gnu@npm:14.2.28"
  conditions: os=linux & cpu=x64 & libc=glibc
  languageName: node
  linkType: hard

"@next/swc-linux-x64-musl@npm:14.2.28":
  version: 14.2.28
  resolution: "@next/swc-linux-x64-musl@npm:14.2.28"
  conditions: os=linux & cpu=x64 & libc=musl
  languageName: node
  linkType: hard

"@next/swc-win32-arm64-msvc@npm:14.2.28":
  version: 14.2.28
  resolution: "@next/swc-win32-arm64-msvc@npm:14.2.28"
  conditions: os=win32 & cpu=arm64
  languageName: node
  linkType: hard

"@next/swc-win32-ia32-msvc@npm:14.2.28":
  version: 14.2.28
  resolution: "@next/swc-win32-ia32-msvc@npm:14.2.28"
  conditions: os=win32 & cpu=ia32
  languageName: node
  linkType: hard

"@next/swc-win32-x64-msvc@npm:14.2.28":
  version: 14.2.28
  resolution: "@next/swc-win32-x64-msvc@npm:14.2.28"
  conditions: os=win32 & cpu=x64
  languageName: node
  linkType: hard

"@reach/router@npm:^1.3.3":
  version: 1.3.3
  resolution: "@reach/router@npm:1.3.3"
  dependencies:
    create-react-context: "npm:0.3.0"
    invariant: "npm:^2.2.3"
    prop-types: "npm:^15.6.1"
    react-lifecycles-compat: "npm:^3.0.4"
  peerDependencies:
    react: 15.x || 16.x || 16.4.0-alpha.0911da3
    react-dom: 15.x || 16.x || 16.4.0-alpha.0911da3
  checksum: 10/9215e80dd8ef9153d7d8d8059d727c3ec87356cc87cb5cfb07fc34102d648bd678082ec5d5679a9e63250cc8589e3f049e0bf9cb7d1f7113924e30eb108a953c
  languageName: node
  linkType: hard

"@swc/counter@npm:^0.1.3":
  version: 0.1.3
  resolution: "@swc/counter@npm:0.1.3"
  checksum: 10/df8f9cfba9904d3d60f511664c70d23bb323b3a0803ec9890f60133954173047ba9bdeabce28cd70ba89ccd3fd6c71c7b0bd58be85f611e1ffbe5d5c18616598
  languageName: node
  linkType: hard

"@swc/helpers@npm:0.5.5":
  version: 0.5.5
  resolution: "@swc/helpers@npm:0.5.5"
  dependencies:
    "@swc/counter": "npm:^0.1.3"
    tslib: "npm:^2.4.0"
  checksum: 10/1c5ef04f642542212df28c669438f3e0f459dcde7b448a5b1fcafb2e9e4f13e76d8428535a270e91ed123dd2a21189dbed34086b88a8cf68baf84984d6d0e39b
  languageName: node
  linkType: hard

"busboy@npm:1.6.0":
  version: 1.6.0
  resolution: "busboy@npm:1.6.0"
  dependencies:
    streamsearch: "npm:^1.1.0"
  checksum: 10/bee10fa10ea58e7e3e7489ffe4bda6eacd540a17de9f9cd21cc37e297b2dd9fe52b2715a5841afaec82900750d810d01d7edb4b2d456427f449b92b417579763
  languageName: node
  linkType: hard

"caniuse-lite@npm:^1.0.30001579":
  version: 1.0.30001617
  resolution: "caniuse-lite@npm:1.0.30001617"
  checksum: 10/eac442b9ad12801086be19f6dc17056827fe398f1c05983357e2531c8183ee890ffc8fb973d54519ad7114a2fd47de8f33ec66d98565b995fef1c6ba02b5bc5b
  languageName: node
  linkType: hard

"classnames@npm:^2.2.6":
  version: 2.2.6
  resolution: "classnames@npm:2.2.6"
  checksum: 10/a241cdac6a06d1572e4358eff219ff9be4e2bb83f0a4080b413f32f691e8b7ba4d635b1a99123cbdfef1604e10f398b6f1433364d5645004eea957494ef1f3e8
  languageName: node
  linkType: hard

"client-only@npm:0.0.1":
  version: 0.0.1
  resolution: "client-only@npm:0.0.1"
  checksum: 10/0c16bf660dadb90610553c1d8946a7fdfb81d624adea073b8440b7d795d5b5b08beb3c950c6a2cf16279365a3265158a236876d92bce16423c485c322d7dfaf8
  languageName: node
  linkType: hard

"clipboard@npm:^2.0.0":
  version: 2.0.6
  resolution: "clipboard@npm:2.0.6"
  dependencies:
    good-listener: "npm:^1.2.2"
    select: "npm:^1.1.2"
    tiny-emitter: "npm:^2.0.0"
  checksum: 10/e38d9fdd9115d3d9c747cde0c7add0f2f6228b85eaaa048bac7b4f704d828aaa3b9eee63c9d87acf1b2344446066c3910d7246ceb466e98c05dbf5352bcdd5ff
  languageName: node
  linkType: hard

"create-react-context@npm:0.3.0":
  version: 0.3.0
  resolution: "create-react-context@npm:0.3.0"
  dependencies:
    gud: "npm:^1.0.0"
    warning: "npm:^4.0.3"
  peerDependencies:
    prop-types: ^15.0.0
    react: ^0.14.0 || ^15.0.0 || ^16.0.0
  checksum: 10/3ae9d5af6a36993c5b9928967b4258e8d327373def6fb5964cebfcb00e6dce48297317adb9346bb8fad7eed35e6b39f3dbbac8b6ab29015de48d7ee60774f665
  languageName: node
  linkType: hard

"delegate@npm:^3.1.2":
  version: 3.2.0
  resolution: "delegate@npm:3.2.0"
  checksum: 10/d943058fe05897228b158cbd1bab05164df28c8f54127873231d6b03b0a5acc1b3ee1f98ac70ccc9b79cd84aa47118a7de111fee2923753491583905069da27d
  languageName: node
  linkType: hard

"good-listener@npm:^1.2.2":
  version: 1.2.2
  resolution: "good-listener@npm:1.2.2"
  dependencies:
    delegate: "npm:^3.1.2"
  checksum: 10/14a755ad2eeb5ca65b98359438a0bd0ed0ae27304913b1f0866e1424fdff957133644d455d03178fbcb0f83d2cdaae414cc9cbdfebf4bd04a690854cd4a657ee
  languageName: node
  linkType: hard

"graceful-fs@npm:^4.2.11":
  version: 4.2.11
  resolution: "graceful-fs@npm:4.2.11"
  checksum: 10/bf152d0ed1dc159239db1ba1f74fdbc40cb02f626770dcd5815c427ce0688c2635a06ed69af364396da4636d0408fcf7d4afdf7881724c3307e46aff30ca49e2
  languageName: node
  linkType: hard

"grid-basic-example@workspace:.":
  version: 0.0.0-use.local
  resolution: "grid-basic-example@workspace:."
  dependencies:
    "@carbon/grid": "npm:^11.9.0"
    "@reach/router": "npm:^1.3.3"
    classnames: "npm:^2.2.6"
    next: "npm:^14.2.26"
    prettify-xml: "npm:^1.2.0"
    prismjs: "npm:^1.20.0"
    react: "npm:^18.2.0"
    react-dom: "npm:^18.2.0"
  languageName: unknown
  linkType: soft

"gud@npm:^1.0.0":
  version: 1.0.0
  resolution: "gud@npm:1.0.0"
  checksum: 10/3e2eb37cf794364077c18f036d6aa259c821c7fd188f2b7935cb00d589d82a41e0ebb1be809e1a93679417f62f1ad0513e745c3cf5329596e489aef8c5e5feae
  languageName: node
  linkType: hard

"invariant@npm:^2.2.3":
  version: 2.2.4
  resolution: "invariant@npm:2.2.4"
  dependencies:
    loose-envify: "npm:^1.0.0"
  checksum: 10/cc3182d793aad82a8d1f0af697b462939cb46066ec48bbf1707c150ad5fad6406137e91a262022c269702e01621f35ef60269f6c0d7fd178487959809acdfb14
  languageName: node
  linkType: hard

"js-tokens@npm:^3.0.0 || ^4.0.0":
  version: 4.0.0
  resolution: "js-tokens@npm:4.0.0"
  checksum: 10/af37d0d913fb56aec6dc0074c163cc71cd23c0b8aad5c2350747b6721d37ba118af35abdd8b33c47ec2800de07dedb16a527ca9c530ee004093e04958bd0cbf2
  languageName: node
  linkType: hard

"loose-envify@npm:^1.0.0, loose-envify@npm:^1.1.0, loose-envify@npm:^1.4.0":
  version: 1.4.0
  resolution: "loose-envify@npm:1.4.0"
  dependencies:
    js-tokens: "npm:^3.0.0 || ^4.0.0"
  bin:
    loose-envify: cli.js
  checksum: 10/6517e24e0cad87ec9888f500c5b5947032cdfe6ef65e1c1936a0c48a524b81e65542c9c3edc91c97d5bddc806ee2a985dbc79be89215d613b1de5db6d1cfe6f4
  languageName: node
  linkType: hard

"nanoid@npm:^3.3.6":
  version: 3.3.8
  resolution: "nanoid@npm:3.3.8"
  bin:
    nanoid: bin/nanoid.cjs
  checksum: 10/2d1766606cf0d6f47b6f0fdab91761bb81609b2e3d367027aff45e6ee7006f660fb7e7781f4a34799fe6734f1268eeed2e37a5fdee809ade0c2d4eb11b0f9c40
  languageName: node
  linkType: hard

"next@npm:^14.2.26":
  version: 14.2.28
  resolution: "next@npm:14.2.28"
  dependencies:
    "@next/env": "npm:14.2.28"
    "@next/swc-darwin-arm64": "npm:14.2.28"
    "@next/swc-darwin-x64": "npm:14.2.28"
    "@next/swc-linux-arm64-gnu": "npm:14.2.28"
    "@next/swc-linux-arm64-musl": "npm:14.2.28"
    "@next/swc-linux-x64-gnu": "npm:14.2.28"
    "@next/swc-linux-x64-musl": "npm:14.2.28"
    "@next/swc-win32-arm64-msvc": "npm:14.2.28"
    "@next/swc-win32-ia32-msvc": "npm:14.2.28"
    "@next/swc-win32-x64-msvc": "npm:14.2.28"
    "@swc/helpers": "npm:0.5.5"
    busboy: "npm:1.6.0"
    caniuse-lite: "npm:^1.0.30001579"
    graceful-fs: "npm:^4.2.11"
    postcss: "npm:8.4.31"
    styled-jsx: "npm:5.1.1"
  peerDependencies:
    "@opentelemetry/api": ^1.1.0
    "@playwright/test": ^1.41.2
    react: ^18.2.0
    react-dom: ^18.2.0
    sass: ^1.3.0
  dependenciesMeta:
    "@next/swc-darwin-arm64":
      optional: true
    "@next/swc-darwin-x64":
      optional: true
    "@next/swc-linux-arm64-gnu":
      optional: true
    "@next/swc-linux-arm64-musl":
      optional: true
    "@next/swc-linux-x64-gnu":
      optional: true
    "@next/swc-linux-x64-musl":
      optional: true
    "@next/swc-win32-arm64-msvc":
      optional: true
    "@next/swc-win32-ia32-msvc":
      optional: true
    "@next/swc-win32-x64-msvc":
      optional: true
  peerDependenciesMeta:
    "@opentelemetry/api":
      optional: true
    "@playwright/test":
      optional: true
    sass:
      optional: true
  bin:
    next: dist/bin/next
  checksum: 10/deac2100b2f31bcb59f64d3e67ff8efb73659b6b73b654c1b11c6b1a2b3988bdcc54a5e7758bd7c8f6b0fe2f52cc0f9bdbae16998bf849aca69cd53dff8f8cb6
  languageName: node
  linkType: hard

"object-assign@npm:^4.1.1":
  version: 4.1.1
  resolution: "object-assign@npm:4.1.1"
  checksum: 10/fcc6e4ea8c7fe48abfbb552578b1c53e0d194086e2e6bbbf59e0a536381a292f39943c6e9628af05b5528aa5e3318bb30d6b2e53cadaf5b8fe9e12c4b69af23f
  languageName: node
  linkType: hard

"picocolors@npm:^1.0.0":
  version: 1.0.0
  resolution: "picocolors@npm:1.0.0"
  checksum: 10/a2e8092dd86c8396bdba9f2b5481032848525b3dc295ce9b57896f931e63fc16f79805144321f72976383fc249584672a75cc18d6777c6b757603f372f745981
  languageName: node
  linkType: hard

"postcss@npm:8.4.31":
  version: 8.4.31
  resolution: "postcss@npm:8.4.31"
  dependencies:
    nanoid: "npm:^3.3.6"
    picocolors: "npm:^1.0.0"
    source-map-js: "npm:^1.0.2"
  checksum: 10/1a6653e72105907377f9d4f2cd341d8d90e3fde823a5ddea1e2237aaa56933ea07853f0f2758c28892a1d70c53bbaca200eb8b80f8ed55f13093003dbec5afa0
  languageName: node
  linkType: hard

"prettify-xml@npm:^1.2.0":
  version: 1.2.0
  resolution: "prettify-xml@npm:1.2.0"
  checksum: 10/148ea564be7af7d936b05b10c38e91846352397be9cdda9b304f2a3f1a2b6fa175e4dc9f377e54a35180688da1495f760103ffda4b2f5556c98c784b890eb349
  languageName: node
  linkType: hard

"prismjs@npm:^1.20.0":
  version: 1.20.0
  resolution: "prismjs@npm:1.20.0"
  dependencies:
    clipboard: "npm:^2.0.0"
  dependenciesMeta:
    clipboard:
      optional: true
  checksum: 10/dfb0d659f017cebaaa5cf2bfad73a6b5e6bf77e2f3e9e95ef497ae8d66568e6df0d6fb7dc56e54aec3348ce1d545146037cf92369c70e37b5c0e2b78cb628c75
  languageName: node
  linkType: hard

"prop-types@npm:^15.6.1":
  version: 15.7.2
  resolution: "prop-types@npm:15.7.2"
  dependencies:
    loose-envify: "npm:^1.4.0"
    object-assign: "npm:^4.1.1"
    react-is: "npm:^16.8.1"
  checksum: 10/1d2b6462559e78e4ab15775b5f9ca21bbdcf94c0c6597624a407f9f5ce2cac8c02997bc59cc517b54f64aa1e95e5134c86755ee99a24659bc023d7b2b3096e15
  languageName: node
  linkType: hard

"react-dom@npm:^18.2.0":
  version: 18.2.0
  resolution: "react-dom@npm:18.2.0"
  dependencies:
    loose-envify: "npm:^1.1.0"
    scheduler: "npm:^0.23.0"
  peerDependencies:
    react: ^18.2.0
  checksum: 10/ca5e7762ec8c17a472a3605b6f111895c9f87ac7d43a610ab7024f68cd833d08eda0625ce02ec7178cc1f3c957cf0b9273cdc17aa2cd02da87544331c43b1d21
  languageName: node
  linkType: hard

"react-is@npm:^16.8.1":
  version: 16.13.1
  resolution: "react-is@npm:16.13.1"
  checksum: 10/5aa564a1cde7d391ac980bedee21202fc90bdea3b399952117f54fb71a932af1e5902020144fb354b4690b2414a0c7aafe798eb617b76a3d441d956db7726fdf
  languageName: node
  linkType: hard

"react-lifecycles-compat@npm:^3.0.4":
  version: 3.0.4
  resolution: "react-lifecycles-compat@npm:3.0.4"
  checksum: 10/c66b9c98c15cd6b0d0a4402df5f665e8cc7562fb7033c34508865bea51fd7b623f7139b5b7e708515d3cd665f264a6a9403e1fa7e6d61a05759066f5e9f07783
  languageName: node
  linkType: hard

"react@npm:^18.2.0":
  version: 18.2.0
  resolution: "react@npm:18.2.0"
  dependencies:
    loose-envify: "npm:^1.1.0"
  checksum: 10/b9214a9bd79e99d08de55f8bef2b7fc8c39630be97c4e29d7be173d14a9a10670b5325e94485f74cd8bff4966ef3c78ee53c79a7b0b9b70cba20aa8973acc694
  languageName: node
  linkType: hard

"scheduler@npm:^0.23.0":
  version: 0.23.0
  resolution: "scheduler@npm:0.23.0"
  dependencies:
    loose-envify: "npm:^1.1.0"
  checksum: 10/0c4557aa37bafca44ff21dc0ea7c92e2dbcb298bc62eae92b29a39b029134f02fb23917d6ebc8b1fa536b4184934314c20d8864d156a9f6357f3398aaf7bfda8
  languageName: node
  linkType: hard

"select@npm:^1.1.2":
  version: 1.1.2
  resolution: "select@npm:1.1.2"
  checksum: 10/4346151e94f226ea6131e44e68e6d837f3fdee64831b756dd657cc0b02f4cb5107f867cb34a1d1216ab7737d0bf0645d44546afb030bbd8d64e891f5e4c4814e
  languageName: node
  linkType: hard

"source-map-js@npm:^1.0.2":
  version: 1.0.2
  resolution: "source-map-js@npm:1.0.2"
  checksum: 10/38e2d2dd18d2e331522001fc51b54127ef4a5d473f53b1349c5cca2123562400e0986648b52e9407e348eaaed53bce49248b6e2641e6d793ca57cb2c360d6d51
  languageName: node
  linkType: hard

"streamsearch@npm:^1.1.0":
  version: 1.1.0
  resolution: "streamsearch@npm:1.1.0"
  checksum: 10/612c2b2a7dbcc859f74597112f80a42cbe4d448d03da790d5b7b39673c1197dd3789e91cd67210353e58857395d32c1e955a9041c4e6d5bae723436b3ed9ed14
  languageName: node
  linkType: hard

"styled-jsx@npm:5.1.1":
  version: 5.1.1
  resolution: "styled-jsx@npm:5.1.1"
  dependencies:
    client-only: "npm:0.0.1"
  peerDependencies:
    react: ">= 16.8.0 || 17.x.x || ^18.0.0-0"
  peerDependenciesMeta:
    "@babel/core":
      optional: true
    babel-plugin-macros:
      optional: true
  checksum: 10/4f6a5d0010770fdeea1183d919d528fd46c484e23c0535ef3e1dd49488116f639c594f3bd4440e3bc8a8686c9f8d53c5761599870ff039ede11a5c3bfe08a4be
  languageName: node
  linkType: hard

"tiny-emitter@npm:^2.0.0":
  version: 2.1.0
  resolution: "tiny-emitter@npm:2.1.0"
  checksum: 10/75633f4de4f47f43af56aff6162f25b87be7efc6f669fda256658f3c3f4a216f23dc0d13200c6fafaaf1b0c7142f0201352fb06aec0b77f68aea96be898f4516
  languageName: node
  linkType: hard

"tslib@npm:^2.4.0":
  version: 2.5.0
  resolution: "tslib@npm:2.5.0"
  checksum: 10/ea556fbdf396fe15dbd45e242754e86e7c36e0dce8644404a7c8a81ae1e940744dc639569aeca1ae370a7f804d82872f3fd8564eb23be9adb7618201d0314dac
  languageName: node
  linkType: hard

"warning@npm:^4.0.3":
  version: 4.0.3
  resolution: "warning@npm:4.0.3"
  dependencies:
    loose-envify: "npm:^1.0.0"
  checksum: 10/e7842aff036e2e07ce7a6cc3225e707775b969fe3d0577ad64bd24660e3a9ce3017f0b8c22a136566dcd3a151f37b8ed1ccee103b3bd82bd8a571bf80b247bc4
  languageName: node
  linkType: hard
